// !$*UTF8*$!
{
	archiveVersion = 1;
	classes = {
	};
	objectVersion = 50;
	objects = {

/* Begin PBXBuildFile section */
		74565B1D22C4C47600FCF63B /* AppDelegate.swift in Sources */ = {isa = PBXBuildFile; fileRef = 74565B1C22C4C47600FCF63B /* AppDelegate.swift */; };
		74565B1F22C4C47600FCF63B /* SceneDelegate.swift in Sources */ = {isa = PBXBuildFile; fileRef = 74565B1E22C4C47600FCF63B /* SceneDelegate.swift */; };
		74565B2322C4C47900FCF63B /* Assets.xcassets in Resources */ = {isa = PBXBuildFile; fileRef = 74565B2222C4C47900FCF63B /* Assets.xcassets */; };
		74565B2622C4C47900FCF63B /* Preview Assets.xcassets in Resources */ = {isa = PBXBuildFile; fileRef = 74565B2522C4C47900FCF63B /* Preview Assets.xcassets */; };
		74565B2922C4C47900FCF63B /* LaunchScreen.storyboard in Resources */ = {isa = PBXBuildFile; fileRef = 74565B2722C4C47900FCF63B /* LaunchScreen.storyboard */; };
		74565B3122C4C8D600FCF63B /* Symbols.swift in Sources */ = {isa = PBXBuildFile; fileRef = 74565B3022C4C8D600FCF63B /* Symbols.swift */; };
		74565B3522C4DDDA00FCF63B /* MainView.swift in Sources */ = {isa = PBXBuildFile; fileRef = 74565B3422C4DDDA00FCF63B /* MainView.swift */; };
		74565B3722C4DE5E00FCF63B /* SymbolDetailView.swift in Sources */ = {isa = PBXBuildFile; fileRef = 74565B3622C4DE5E00FCF63B /* SymbolDetailView.swift */; };
		74565B3922C5D9F300FCF63B /* SearchBarView.swift in Sources */ = {isa = PBXBuildFile; fileRef = 74565B3822C5D9F300FCF63B /* SearchBarView.swift */; };
		74565B3B22C5DA2700FCF63B /* KeyboardHideView.swift in Sources */ = {isa = PBXBuildFile; fileRef = 74565B3A22C5DA2700FCF63B /* KeyboardHideView.swift */; };
/* End PBXBuildFile section */

/* Begin PBXFileReference section */
		74565B1922C4C47600FCF63B /* SFSymbols.app */ = {isa = PBXFileReference; explicitFileType = wrapper.application; includeInIndex = 0; path = SFSymbols.app; sourceTree = BUILT_PRODUCTS_DIR; };
		74565B1C22C4C47600FCF63B /* AppDelegate.swift */ = {isa = PBXFileReference; lastKnownFileType = sourcecode.swift; path = AppDelegate.swift; sourceTree = "<group>"; };
		74565B1E22C4C47600FCF63B /* SceneDelegate.swift */ = {isa = PBXFileReference; lastKnownFileType = sourcecode.swift; path = SceneDelegate.swift; sourceTree = "<group>"; };
		74565B2222C4C47900FCF63B /* Assets.xcassets */ = {isa = PBXFileReference; lastKnownFileType = folder.assetcatalog; path = Assets.xcassets; sourceTree = "<group>"; };
		74565B2522C4C47900FCF63B /* Preview Assets.xcassets */ = {isa = PBXFileReference; lastKnownFileType = folder.assetcatalog; path = "Preview Assets.xcassets"; sourceTree = "<group>"; };
		74565B2822C4C47900FCF63B /* Base */ = {isa = PBXFileReference; lastKnownFileType = file.storyboard; name = Base; path = Base.lproj/LaunchScreen.storyboard; sourceTree = "<group>"; };
		74565B2A22C4C47900FCF63B /* Info.plist */ = {isa = PBXFileReference; lastKnownFileType = text.plist.xml; path = Info.plist; sourceTree = "<group>"; };
		74565B3022C4C8D600FCF63B /* Symbols.swift */ = {isa = PBXFileReference; lastKnownFileType = sourcecode.swift; path = Symbols.swift; sourceTree = "<group>"; };
		74565B3422C4DDDA00FCF63B /* MainView.swift */ = {isa = PBXFileReference; lastKnownFileType = sourcecode.swift; path = MainView.swift; sourceTree = "<group>"; };
		74565B3622C4DE5E00FCF63B /* SymbolDetailView.swift */ = {isa = PBXFileReference; lastKnownFileType = sourcecode.swift; path = SymbolDetailView.swift; sourceTree = "<group>"; };
		74565B3822C5D9F300FCF63B /* SearchBarView.swift */ = {isa = PBXFileReference; lastKnownFileType = sourcecode.swift; path = SearchBarView.swift; sourceTree = "<group>"; };
		74565B3A22C5DA2700FCF63B /* KeyboardHideView.swift */ = {isa = PBXFileReference; lastKnownFileType = sourcecode.swift; path = KeyboardHideView.swift; sourceTree = "<group>"; };
/* End PBXFileReference section */

/* Begin PBXFrameworksBuildPhase section */
		74565B1622C4C47600FCF63B /* Frameworks */ = {
			isa = PBXFrameworksBuildPhase;
			buildActionMask = 2147483647;
			files = (
			);
			runOnlyForDeploymentPostprocessing = 0;
		};
/* End PBXFrameworksBuildPhase section */

/* Begin PBXGroup section */
		74565B1022C4C47600FCF63B = {
			isa = PBXGroup;
			children = (
				74565B1B22C4C47600FCF63B /* SFSymbols */,
				74565B1A22C4C47600FCF63B /* Products */,
			);
			sourceTree = "<group>";
		};
		74565B1A22C4C47600FCF63B /* Products */ = {
			isa = PBXGroup;
			children = (
				74565B1922C4C47600FCF63B /* SFSymbols.app */,
			);
			name = Products;
			sourceTree = "<group>";
		};
		74565B1B22C4C47600FCF63B /* SFSymbols */ = {
			isa = PBXGroup;
			children = (
				74565B3C22C5DA3200FCF63B /* Extensions */,
				74565B3322C4DD4500FCF63B /* Models */,
				74565B3222C4DD3A00FCF63B /* Views */,
				74565B1C22C4C47600FCF63B /* AppDelegate.swift */,
				74565B1E22C4C47600FCF63B /* SceneDelegate.swift */,
				74565B2222C4C47900FCF63B /* Assets.xcassets */,
				74565B2722C4C47900FCF63B /* LaunchScreen.storyboard */,
				74565B2A22C4C47900FCF63B /* Info.plist */,
				74565B2422C4C47900FCF63B /* Preview Content */,
			);
			path = SFSymbols;
			sourceTree = "<group>";
		};
		74565B2422C4C47900FCF63B /* Preview Content */ = {
			isa = PBXGroup;
			children = (
				74565B2522C4C47900FCF63B /* Preview Assets.xcassets */,
			);
			path = "Preview Content";
			sourceTree = "<group>";
		};
		74565B3222C4DD3A00FCF63B /* Views */ = {
			isa = PBXGroup;
			children = (
				74565B3422C4DDDA00FCF63B /* MainView.swift */,
				74565B3622C4DE5E00FCF63B /* SymbolDetailView.swift */,
				74565B3822C5D9F300FCF63B /* SearchBarView.swift */,
			);
			path = Views;
			sourceTree = "<group>";
		};
		74565B3322C4DD4500FCF63B /* Models */ = {
			isa = PBXGroup;
			children = (
				74565B3022C4C8D600FCF63B /* Symbols.swift */,
			);
			path = Models;
			sourceTree = "<group>";
		};
		74565B3C22C5DA3200FCF63B /* Extensions */ = {
			isa = PBXGroup;
			children = (
				74565B3A22C5DA2700FCF63B /* KeyboardHideView.swift */,
			);
			path = Extensions;
			sourceTree = "<group>";
		};
/* End PBXGroup section */

/* Begin PBXNativeTarget section */
		74565B1822C4C47600FCF63B /* SFSymbols */ = {
			isa = PBXNativeTarget;
			buildConfigurationList = 74565B2D22C4C47900FCF63B /* Build configuration list for PBXNativeTarget "SFSymbols" */;
			buildPhases = (
				74565B1522C4C47600FCF63B /* Sources */,
				74565B1622C4C47600FCF63B /* Frameworks */,
				74565B1722C4C47600FCF63B /* Resources */,
			);
			buildRules = (
			);
			dependencies = (
			);
			name = SFSymbols;
			productName = SFSymbols;
			productReference = 74565B1922C4C47600FCF63B /* SFSymbols.app */;
			productType = "com.apple.product-type.application";
		};
/* End PBXNativeTarget section */

/* Begin PBXProject section */
		74565B1122C4C47600FCF63B /* Project object */ = {
			isa = PBXProject;
			attributes = {
				LastSwiftUpdateCheck = 1100;
				LastUpgradeCheck = 1100;
				ORGANIZATIONNAME = "Reshetov Egor";
				TargetAttributes = {
					74565B1822C4C47600FCF63B = {
						CreatedOnToolsVersion = 11.0;
					};
				};
			};
			buildConfigurationList = 74565B1422C4C47600FCF63B /* Build configuration list for PBXProject "SFSymbols" */;
			compatibilityVersion = "Xcode 9.3";
			developmentRegion = en;
			hasScannedForEncodings = 0;
			knownRegions = (
				en,
				Base,
			);
			mainGroup = 74565B1022C4C47600FCF63B;
			productRefGroup = 74565B1A22C4C47600FCF63B /* Products */;
			projectDirPath = "";
			projectRoot = "";
			targets = (
				74565B1822C4C47600FCF63B /* SFSymbols */,
			);
		};
/* End PBXProject section */

/* Begin PBXResourcesBuildPhase section */
		74565B1722C4C47600FCF63B /* Resources */ = {
			isa = PBXResourcesBuildPhase;
			buildActionMask = 2147483647;
			files = (
				74565B2922C4C47900FCF63B /* LaunchScreen.storyboard in Resources */,
				74565B2622C4C47900FCF63B /* Preview Assets.xcassets in Resources */,
				74565B2322C4C47900FCF63B /* Assets.xcassets in Resources */,
			);
			runOnlyForDeploymentPostprocessing = 0;
		};
/* End PBXResourcesBuildPhase section */

/* Begin PBXSourcesBuildPhase section */
		74565B1522C4C47600FCF63B /* Sources */ = {
			isa = PBXSourcesBuildPhase;
			buildActionMask = 2147483647;
			files = (
				74565B1D22C4C47600FCF63B /* AppDelegate.swift in Sources */,
				74565B3B22C5DA2700FCF63B /* KeyboardHideView.swift in Sources */,
				74565B3722C4DE5E00FCF63B /* SymbolDetailView.swift in Sources */,
				74565B3122C4C8D600FCF63B /* Symbols.swift in Sources */,
				74565B1F22C4C47600FCF63B /* SceneDelegate.swift in Sources */,
				74565B3922C5D9F300FCF63B /* SearchBarView.swift in Sources */,
				74565B3522C4DDDA00FCF63B /* MainView.swift in Sources */,
			);
			runOnlyForDeploymentPostprocessing = 0;
		};
/* End PBXSourcesBuildPhase section */

/* Begin PBXVariantGroup section */
		74565B2722C4C47900FCF63B /* LaunchScreen.storyboard */ = {
			isa = PBXVariantGroup;
			children = (
				74565B2822C4C47900FCF63B /* Base */,
			);
			name = LaunchScreen.storyboard;
			sourceTree = "<group>";
		};
/* End PBXVariantGroup section */

/* Begin XCBuildConfiguration section */
		74565B2B22C4C47900FCF63B /* Debug */ = {
			isa = XCBuildConfiguration;
			buildSettings = {
				ALWAYS_SEARCH_USER_PATHS = NO;
				CLANG_ANALYZER_NONNULL = YES;
				CLANG_ANALYZER_NUMBER_OBJECT_CONVERSION = YES_AGGRESSIVE;
				CLANG_CXX_LANGUAGE_STANDARD = "gnu++14";
				CLANG_CXX_LIBRARY = "libc++";
				CLANG_ENABLE_MODULES = YES;
				CLANG_ENABLE_OBJC_ARC = YES;
				CLANG_ENABLE_OBJC_WEAK = YES;
				CLANG_WARN_BLOCK_CAPTURE_AUTORELEASING = YES;
				CLANG_WARN_BOOL_CONVERSION = YES;
				CLANG_WARN_COMMA = YES;
				CLANG_WARN_CONSTANT_CONVERSION = YES;
				CLANG_WARN_DEPRECATED_OBJC_IMPLEMENTATIONS = YES;
				CLANG_WARN_DIRECT_OBJC_ISA_USAGE = YES_ERROR;
				CLANG_WARN_DOCUMENTATION_COMMENTS = YES;
				CLANG_WARN_EMPTY_BODY = YES;
				CLANG_WARN_ENUM_CONVERSION = YES;
				CLANG_WARN_INFINITE_RECURSION = YES;
				CLANG_WARN_INT_CONVERSION = YES;
				CLANG_WARN_NON_LITERAL_NULL_CONVERSION = YES;
				CLANG_WARN_OBJC_IMPLICIT_RETAIN_SELF = YES;
				CLANG_WARN_OBJC_LITERAL_CONVERSION = YES;
				CLANG_WARN_OBJC_ROOT_CLASS = YES_ERROR;
				CLANG_WARN_RANGE_LOOP_ANALYSIS = YES;
				CLANG_WARN_STRICT_PROTOTYPES = YES;
				CLANG_WARN_SUSPICIOUS_MOVE = YES;
				CLANG_WARN_UNGUARDED_AVAILABILITY = YES_AGGRESSIVE;
				CLANG_WARN_UNREACHABLE_CODE = YES;
				CLANG_WARN__DUPLICATE_METHOD_MATCH = YES;
				COPY_PHASE_STRIP = NO;
				DEBUG_INFORMATION_FORMAT = dwarf;
				ENABLE_STRICT_OBJC_MSGSEND = YES;
				ENABLE_TESTABILITY = YES;
				GCC_C_LANGUAGE_STANDARD = gnu11;
				GCC_DYNAMIC_NO_PIC = NO;
				GCC_NO_COMMON_BLOCKS = YES;
				GCC_OPTIMIZATION_LEVEL = 0;
				GCC_PREPROCESSOR_DEFINITIONS = (
					"DEBUG=1",
					"$(inherited)",
				);
				GCC_WARN_64_TO_32_BIT_CONVERSION = YES;
				GCC_WARN_ABOUT_RETURN_TYPE = YES_ERROR;
				GCC_WARN_UNDECLARED_SELECTOR = YES;
				GCC_WARN_UNINITIALIZED_AUTOS = YES_AGGRESSIVE;
				GCC_WARN_UNUSED_FUNCTION = YES;
				GCC_WARN_UNUSED_VARIABLE = YES;
				IPHONEOS_DEPLOYMENT_TARGET = 13.0;
				MTL_ENABLE_DEBUG_INFO = INCLUDE_SOURCE;
				MTL_FAST_MATH = YES;
				ONLY_ACTIVE_ARCH = YES;
				SDKROOT = iphoneos;
				SWIFT_ACTIVE_COMPILATION_CONDITIONS = DEBUG;
				SWIFT_OPTIMIZATION_LEVEL = "-Onone";
			};
			name = Debug;
		};
		74565B2C22C4C47900FCF63B /* Release */ = {
			isa = XCBuildConfiguration;
			buildSettings = {
				ALWAYS_SEARCH_USER_PATHS = NO;
				CLANG_ANALYZER_NONNULL = YES;
				CLANG_ANALYZER_NUMBER_OBJECT_CONVERSION = YES_AGGRESSIVE;
				CLANG_CXX_LANGUAGE_STANDARD = "gnu++14";
				CLANG_CXX_LIBRARY = "libc++";
				CLANG_ENABLE_MODULES = YES;
				CLANG_ENABLE_OBJC_ARC = YES;
				CLANG_ENABLE_OBJC_WEAK = YES;
				CLANG_WARN_BLOCK_CAPTURE_AUTORELEASING = YES;
				CLANG_WARN_BOOL_CONVERSION = YES;
				CLANG_WARN_COMMA = YES;
				CLANG_WARN_CONSTANT_CONVERSION = YES;
				CLANG_WARN_DEPRECATED_OBJC_IMPLEMENTATIONS = YES;
				CLANG_WARN_DIRECT_OBJC_ISA_USAGE = YES_ERROR;
				CLANG_WARN_DOCUMENTATION_COMMENTS = YES;
				CLANG_WARN_EMPTY_BODY = YES;
				CLANG_WARN_ENUM_CONVERSION = YES;
				CLANG_WARN_INFINITE_RECURSION = YES;
				CLANG_WARN_INT_CONVERSION = YES;
				CLANG_WARN_NON_LITERAL_NULL_CONVERSION = YES;
				CLANG_WARN_OBJC_IMPLICIT_RETAIN_SELF = YES;
				CLANG_WARN_OBJC_LITERAL_CONVERSION = YES;
				CLANG_WARN_OBJC_ROOT_CLASS = YES_ERROR;
				CLANG_WARN_RANGE_LOOP_ANALYSIS = YES;
				CLANG_WARN_STRICT_PROTOTYPES = YES;
				CLANG_WARN_SUSPICIOUS_MOVE = YES;
				CLANG_WARN_UNGUARDED_AVAILABILITY = YES_AGGRESSIVE;
				CLANG_WARN_UNREACHABLE_CODE = YES;
				CLANG_WARN__DUPLICATE_METHOD_MATCH = YES;
				COPY_PHASE_STRIP = NO;
				DEBUG_INFORMATION_FORMAT = "dwarf-with-dsym";
				ENABLE_NS_ASSERTIONS = NO;
				ENABLE_STRICT_OBJC_MSGSEND = YES;
				GCC_C_LANGUAGE_STANDARD = gnu11;
				GCC_NO_COMMON_BLOCKS = YES;
				GCC_WARN_64_TO_32_BIT_CONVERSION = YES;
				GCC_WARN_ABOUT_RETURN_TYPE = YES_ERROR;
				GCC_WARN_UNDECLARED_SELECTOR = YES;
				GCC_WARN_UNINITIALIZED_AUTOS = YES_AGGRESSIVE;
				GCC_WARN_UNUSED_FUNCTION = YES;
				GCC_WARN_UNUSED_VARIABLE = YES;
				IPHONEOS_DEPLOYMENT_TARGET = 13.0;
				MTL_ENABLE_DEBUG_INFO = NO;
				MTL_FAST_MATH = YES;
				SDKROOT = iphoneos;
				SWIFT_COMPILATION_MODE = wholemodule;
				SWIFT_OPTIMIZATION_LEVEL = "-O";
				VALIDATE_PRODUCT = YES;
			};
			name = Release;
		};
		74565B2E22C4C47900FCF63B /* Debug */ = {
			isa = XCBuildConfiguration;
			buildSettings = {
				ASSETCATALOG_COMPILER_APPICON_NAME = AppIcon;
				CODE_SIGN_STYLE = Automatic;
				DEVELOPMENT_ASSET_PATHS = "SFSymbols/Preview\\ Content";
				DEVELOPMENT_TEAM = GPVA8JVMU3;
				ENABLE_PREVIEWS = YES;
				INFOPLIST_FILE = SFSymbols/Info.plist;
				LD_RUNPATH_SEARCH_PATHS = (
					"$(inherited)",
					"@executable_path/Frameworks",
				);
				PRODUCT_BUNDLE_IDENTIFIER = io.github.reshetove.SFSymbols;
				PRODUCT_NAME = "$(TARGET_NAME)";
				SWIFT_VERSION = 5.0;
				TARGETED_DEVICE_FAMILY = "1,2";
			};
			name = Debug;
		};
		74565B2F22C4C47900FCF63B /* Release */ = {
			isa = XCBuildConfiguration;
			buildSettings = {
				ASSETCATALOG_COMPILER_APPICON_NAME = AppIcon;
				CODE_SIGN_STYLE = Automatic;
				DEVELOPMENT_ASSET_PATHS = "SFSymbols/Preview\\ Content";
				DEVELOPMENT_TEAM = GPVA8JVMU3;
				ENABLE_PREVIEWS = YES;
				INFOPLIST_FILE = SFSymbols/Info.plist;
				LD_RUNPATH_SEARCH_PATHS = (
					"$(inherited)",
					"@executable_path/Frameworks",
				);
				PRODUCT_BUNDLE_IDENTIFIER = io.github.reshetove.SFSymbols;
				PRODUCT_NAME = "$(TARGET_NAME)";
				SWIFT_VERSION = 5.0;
				TARGETED_DEVICE_FAMILY = "1,2";
			};
			name = Release;
		};
/* End XCBuildConfiguration section */

/* Begin XCConfigurationList section */
		74565B1422C4C47600FCF63B /* Build configuration list for PBXProject "SFSymbols" */ = {
			isa = XCConfigurationList;
			buildConfigurations = (
				74565B2B22C4C47900FCF63B /* Debug */,
				74565B2C22C4C47900FCF63B /* Release */,
			);
			defaultConfigurationIsVisible = 0;
			defaultConfigurationName = Release;
		};
		74565B2D22C4C47900FCF63B /* Build configuration list for PBXNativeTarget "SFSymbols" */ = {
			isa = XCConfigurationList;
			buildConfigurations = (
				74565B2E22C4C47900FCF63B /* Debug */,
				74565B2F22C4C47900FCF63B /* Release */,
			);
			defaultConfigurationIsVisible = 0;
			defaultConfigurationName = Release;
		};
/* End XCConfigurationList section */
	};
	rootObject = 74565B1122C4C47600FCF63B /* Project object */;
}
